
Microsoft Visual Studio Solution File, Format Version 12.00
# Visual Studio Version 17
VisualStudioVersion = 17.2.32630.192
MinimumVisualStudioVersion = 10.0.40219.1
Project("{FAE04EC0-301F-11D3-BF4B-00C04F79EFBC}") = "Authenticator", "Authenticator\Authenticator.csproj", "{18D9D2AC-4BE8-47FC-AF7F-272E36949520}"
EndProject
Project("{FAE04EC0-301F-11D3-BF4B-00C04F79EFBC}") = "CustomException", "CustomException\CustomException.csproj", "{0D9BCCA0-A487-4990-98B2-DDAB2D7096EA}"
EndProject
Project("{FAE04EC0-301F-11D3-BF4B-00C04F79EFBC}") = "ServiceProvider", "ServiceProvider\ServiceProvider.csproj", "{B6EC34C6-E3D6-4DC6-B6E2-681FCCBCE62D}"
EndProject
Project("{FAE04EC0-301F-11D3-BF4B-00C04F79EFBC}") = "ServiceProviderBusinessTier", "ServiceProviderBusinessTier\ServiceProviderBusinessTier.csproj", "{DFB8AA1E-FDF1-48A6-B774-C5DBD9BDBAB7}"
EndProject
Project("{FAE04EC0-301F-11D3-BF4B-00C04F79EFBC}") = "Registry", "Registry\Registry.csproj", "{C1991497-2415-4C1F-8628-04349C71E32A}"
EndProject
Project("{FAE04EC0-301F-11D3-BF4B-00C04F79EFBC}") = "RegistryBusinessTier", "RegistryBusinessTier\RegistryBusinessTier.csproj", "{84D821B4-2295-4E07-9FB6-E4D496AE6600}"
EndProject
Project("{FAE04EC0-301F-11D3-BF4B-00C04F79EFBC}") = "InstanceLibrary", "InstanceLibrary\InstanceLibrary.csproj", "{E9DA2178-1891-43F1-A267-ED9A9FEE193D}"
EndProject
Project("{FAE04EC0-301F-11D3-BF4B-00C04F79EFBC}") = "ServicePublisher", "ServicePublisher\ServicePublisher.csproj", "{374D3222-8C9B-41DF-942A-F45913DC9D25}"
EndProject
Global
	GlobalSection(SolutionConfigurationPlatforms) = preSolution
		Debug|Any CPU = Debug|Any CPU
		Release|Any CPU = Release|Any CPU
	EndGlobalSection
	GlobalSection(ProjectConfigurationPlatforms) = postSolution
		{18D9D2AC-4BE8-47FC-AF7F-272E36949520}.Debug|Any CPU.ActiveCfg = Debug|Any CPU
		{18D9D2AC-4BE8-47FC-AF7F-272E36949520}.Debug|Any CPU.Build.0 = Debug|Any CPU
		{18D9D2AC-4BE8-47FC-AF7F-272E36949520}.Release|Any CPU.ActiveCfg = Release|Any CPU
		{18D9D2AC-4BE8-47FC-AF7F-272E36949520}.Release|Any CPU.Build.0 = Release|Any CPU
		{0D9BCCA0-A487-4990-98B2-DDAB2D7096EA}.Debug|Any CPU.ActiveCfg = Debug|Any CPU
		{0D9BCCA0-A487-4990-98B2-DDAB2D7096EA}.Debug|Any CPU.Build.0 = Debug|Any CPU
		{0D9BCCA0-A487-4990-98B2-DDAB2D7096EA}.Release|Any CPU.ActiveCfg = Release|Any CPU
		{0D9BCCA0-A487-4990-98B2-DDAB2D7096EA}.Release|Any CPU.Build.0 = Release|Any CPU
		{B6EC34C6-E3D6-4DC6-B6E2-681FCCBCE62D}.Debug|Any CPU.ActiveCfg = Debug|Any CPU
		{B6EC34C6-E3D6-4DC6-B6E2-681FCCBCE62D}.Debug|Any CPU.Build.0 = Debug|Any CPU
		{B6EC34C6-E3D6-4DC6-B6E2-681FCCBCE62D}.Release|Any CPU.ActiveCfg = Release|Any CPU
		{B6EC34C6-E3D6-4DC6-B6E2-681FCCBCE62D}.Release|Any CPU.Build.0 = Release|Any CPU
		{DFB8AA1E-FDF1-48A6-B774-C5DBD9BDBAB7}.Debug|Any CPU.ActiveCfg = Debug|Any CPU
		{DFB8AA1E-FDF1-48A6-B774-C5DBD9BDBAB7}.Debug|Any CPU.Build.0 = Debug|Any CPU
		{DFB8AA1E-FDF1-48A6-B774-C5DBD9BDBAB7}.Release|Any CPU.ActiveCfg = Release|Any CPU
		{DFB8AA1E-FDF1-48A6-B774-C5DBD9BDBAB7}.Release|Any CPU.Build.0 = Release|Any CPU
		{C1991497-2415-4C1F-8628-04349C71E32A}.Debug|Any CPU.ActiveCfg = Debug|Any CPU
		{C1991497-2415-4C1F-8628-04349C71E32A}.Debug|Any CPU.Build.0 = Debug|Any CPU
		{C1991497-2415-4C1F-8628-04349C71E32A}.Release|Any CPU.ActiveCfg = Release|Any CPU
		{C1991497-2415-4C1F-8628-04349C71E32A}.Release|Any CPU.Build.0 = Release|Any CPU
		{84D821B4-2295-4E07-9FB6-E4D496AE6600}.Debug|Any CPU.ActiveCfg = Debug|Any CPU
		{84D821B4-2295-4E07-9FB6-E4D496AE6600}.Debug|Any CPU.Build.0 = Debug|Any CPU
		{84D821B4-2295-4E07-9FB6-E4D496AE6600}.Release|Any CPU.ActiveCfg = Release|Any CPU
		{84D821B4-2295-4E07-9FB6-E4D496AE6600}.Release|Any CPU.Build.0 = Release|Any CPU
		{E9DA2178-1891-43F1-A267-ED9A9FEE193D}.Debug|Any CPU.ActiveCfg = Debug|Any CPU
		{E9DA2178-1891-43F1-A267-ED9A9FEE193D}.Debug|Any CPU.Build.0 = Debug|Any CPU
		{E9DA2178-1891-43F1-A267-ED9A9FEE193D}.Release|Any CPU.ActiveCfg = Release|Any CPU
		{E9DA2178-1891-43F1-A267-ED9A9FEE193D}.Release|Any CPU.Build.0 = Release|Any CPU
		{374D3222-8C9B-41DF-942A-F45913DC9D25}.Debug|Any CPU.ActiveCfg = Debug|Any CPU
		{374D3222-8C9B-41DF-942A-F45913DC9D25}.Debug|Any CPU.Build.0 = Debug|Any CPU
		{374D3222-8C9B-41DF-942A-F45913DC9D25}.Release|Any CPU.ActiveCfg = Release|Any CPU
		{374D3222-8C9B-41DF-942A-F45913DC9D25}.Release|Any CPU.Build.0 = Release|Any CPU
	EndGlobalSection
	GlobalSection(SolutionProperties) = preSolution
		HideSolutionNode = FALSE
	EndGlobalSection
	GlobalSection(ExtensibilityGlobals) = postSolution
		SolutionGuid = {EF7F8C60-581C-4FA3-B248-727BFEF7FBE4}
	EndGlobalSection
EndGlobal
